// !$*UTF8*$!
{
	archiveVersion = 1;
	classes = {
	};
	objectVersion = 77;
	objects = {

/* Begin PBXBuildFile section */
		7F2827D02FD9A4340055FF08 /* Localizable.xcstrings in Resources */ = {isa = PBXBuildFile; fileRef = 7F2827CF2FD9A4340055FF08 /* Localizable.xcstrings */; };
/* End PBXBuildFile section */

/* Begin PBXContainerItemProxy section */
		7FBB9F5F2FD7C9F200DF7C52 /* PBXContainerItemProxy */ = {
			isa = PBXContainerItemProxy;
			containerPortal = 7FBB9F472FD7C9F200DF7C52 /* Project object */;
			proxyType = 1;
			remoteGlobalIDString = 7FBB9F4E2FD7C9F200DF7C52;
			remoteInfo = Lume;
		};
		7FBB9F692FD7C9F200DF7C52 /* PBXContainerItemProxy */ = {
			isa = PBXContainerItemProxy;
			containerPortal = 7FBB9F472FD7C9F200DF7C52 /* Project object */;
			proxyType = 1;
			remoteGlobalIDString = 7FBB9F4E2FD7C9F200DF7C52;
			remoteInfo = Lume;
		};
/* End PBXContainerItemProxy section */

/* Begin PBXFileReference section */
		7F2827CF2FD9A4340055FF08 /* Localizable.xcstrings */ = {isa = PBXFileReference; lastKnownFileType = text.json.xcstrings; path = Localizable.xcstrings; sourceTree = "<group>"; };
		7FBB9F4F2FD7C9F200DF7C52 /* Lume.app */ = {isa = PBXFileReference; explicitFileType = wrapper.application; includeInIndex = 0; path = Lume.app; sourceTree = BUILT_PRODUCTS_DIR; };
		7FBB9F5E2FD7C9F200DF7C52 /* LumeTests.xctest */ = {isa = PBXFileReference; explicitFileType = wrapper.cfbundle; includeInIndex = 0; path = LumeTests.xctest; sourceTree = BUILT_PRODUCTS_DIR; };
		7FBB9F682FD7C9F200DF7C52 /* LumeUITests.xctest */ = {isa = PBXFileReference; explicitFileType = wrapper.cfbundle; includeInIndex = 0; path = LumeUITests.xctest; sourceTree = BUILT_PRODUCTS_DIR; };
/* End PBXFileReference section */

/* Begin PBXFileSystemSynchronizedRootGroup section */
		7FBB9F512FD7C9F200DF7C52 /* Lume */ = {
			isa = PBXFileSystemSynchronizedRootGroup;
			path = Lume;
			sourceTree = "<group>";
		};
		7FBB9F612FD7C9F200DF7C52 /* LumeTests */ = {
			isa = PBXFileSystemSynchronizedRootGroup;
			path = LumeTests;
			sourceTree = "<group>";
		};
		7FBB9F6B2FD7C9F200DF7C52 /* LumeUITests */ = {
			isa = PBXFileSystemSynchronizedRootGroup;
			path = LumeUITests;
			sourceTree = "<group>";
		};
/* End PBXFileSystemSynchronizedRootGroup section */

/* Begin PBXFrameworksBuildPhase section */
		7FBB9F4C2FD7C9F200DF7C52 /* Frameworks */ = {
			isa = PBXFrameworksBuildPhase;
			buildActionMask = 2147483647;
			files = (
			);
			runOnlyForDeploymentPostprocessing = 0;
		};
		7FBB9F5B2FD7C9F200DF7C52 /* Frameworks */ = {
			isa = PBXFrameworksBuildPhase;
			buildActionMask = 2147483647;
			files = (
			);
			runOnlyForDeploymentPostprocessing = 0;
		};
		7FBB9F652FD7C9F200DF7C52 /* Frameworks */ = {
			isa = PBXFrameworksBuildPhase;
			buildActionMask = 2147483647;
			files = (
			);
			runOnlyForDeploymentPostprocessing = 0;
		};
/* End PBXFrameworksBuildPhase section */

/* Begin PBXGroup section */
		7FBB9F462FD7C9F200DF7C52 = {
			isa = PBXGroup;
			children = (
				7FBB9F512FD7C9F200DF7C52 /* Lume */,
				7FBB9F612FD7C9F200DF7C52 /* LumeTests */,
				7FBB9F6B2FD7C9F200DF7C52 /* LumeUITests */,
				7FBB9F502FD7C9F200DF7C52 /* Products */,
				7F2827CF2FD9A4340055FF08 /* Localizable.xcstrings */,
			);
			sourceTree = "<group>";
		};
		7FBB9F502FD7C9F200DF7C52 /* Products */ = {
			isa = PBXGroup;
			children = (
				7FBB9F4F2FD7C9F200DF7C52 /* Lume.app */,
				7FBB9F5E2FD7C9F200DF7C52 /* LumeTests.xctest */,
				7FBB9F682FD7C9F200DF7C52 /* LumeUITests.xctest */,
			);
			name = Products;
			sourceTree = "<group>";
		};
/* End PBXGroup section */

/* Begin PBXNativeTarget section */
		7FBB9F4E2FD7C9F200DF7C52 /* Lume */ = {
			isa = PBXNativeTarget;
			buildConfigurationList = 7FBB9F722FD7C9F200DF7C52 /* Build configuration list for PBXNativeTarget "Lume" */;
			buildPhases = (
				7FBB9F4B2FD7C9F200DF7C52 /* Sources */,
				7FBB9F4C2FD7C9F200DF7C52 /* Frameworks */,
				7FBB9F4D2FD7C9F200DF7C52 /* Resources */,
			);
			buildRules = (
			);
			dependencies = (
			);
			fileSystemSynchronizedGroups = (
				7FBB9F512FD7C9F200DF7C52 /* Lume */,
			);
			name = Lume;
			packageProductDependencies = (
			);
			productName = Lume;
			productReference = 7FBB9F4F2FD7C9F200DF7C52 /* Lume.app */;
			productType = "com.apple.product-type.application";
		};
		7FBB9F5D2FD7C9F200DF7C52 /* LumeTests */ = {
			isa = PBXNativeTarget;
			buildConfigurationList = 7FBB9F752FD7C9F200DF7C52 /* Build configuration list for PBXNativeTarget "LumeTests" */;
			buildPhases = (
				7FBB9F5A2FD7C9F200DF7C52 /* Sources */,
				7FBB9F5B2FD7C9F200DF7C52 /* Frameworks */,
				7FBB9F5C2FD7C9F200DF7C52 /* Resources */,
			);
			buildRules = (
			);
			dependencies = (
				7FBB9F602FD7C9F200DF7C52 /* PBXTargetDependency */,
			);
			fileSystemSynchronizedGroups = (
				7FBB9F612FD7C9F200DF7C52 /* LumeTests */,
			);
			name = LumeTests;
			packageProductDependencies = (
			);
			productName = LumeTests;
			productReference = 7FBB9F5E2FD7C9F200DF7C52 /* LumeTests.xctest */;
			productType = "com.apple.product-type.bundle.unit-test";
		};
		7FBB9F672FD7C9F200DF7C52 /* LumeUITests */ = {
			isa = PBXNativeTarget;
			buildConfigurationList = 7FBB9F782FD7C9F200DF7C52 /* Build configuration list for PBXNativeTarget "LumeUITests" */;
			buildPhases = (
				7FBB9F642FD7C9F200DF7C52 /* Sources */,
				7FBB9F652FD7C9F200DF7C52 /* Frameworks */,
				7FBB9F662FD7C9F200DF7C52 /* Resources */,
			);
			buildRules = (
			);
			dependencies = (
				7FBB9F6A2FD7C9F200DF7C52 /* PBXTargetDependency */,
			);
			fileSystemSynchronizedGroups = (
				7FBB9F6B2FD7C9F200DF7C52 /* LumeUITests */,
			);
			name = LumeUITests;
			packageProductDependencies = (
			);
			productName = LumeUITests;
			productReference = 7FBB9F682FD7C9F200DF7C52 /* LumeUITests.xctest */;
			productType = "com.apple.product-type.bundle.ui-testing";
		};
/* End PBXNativeTarget section */

/* Begin PBXProject section */
		7FBB9F472FD7C9F200DF7C52 /* Project object */ = {
			isa = PBXProject;
			attributes = {
				BuildIndependentTargetsInParallel = 1;
				LastSwiftUpdateCheck = 2650;
				LastUpgradeCheck = 2650;
				TargetAttributes = {
					7FBB9F4E2FD7C9F200DF7C52 = {
						CreatedOnToolsVersion = 26.5;
					};
					7FBB9F5D2FD7C9F200DF7C52 = {
						CreatedOnToolsVersion = 26.5;
						TestTargetID = 7FBB9F4E2FD7C9F200DF7C52;
					};
					7FBB9F672FD7C9F200DF7C52 = {
						CreatedOnToolsVersion = 26.5;
						TestTargetID = 7FBB9F4E2FD7C9F200DF7C52;
					};
				};
			};
			buildConfigurationList = 7FBB9F4A2FD7C9F200DF7C52 /* Build configuration list for PBXProject "Lume" */;
			developmentRegion = "pt-BR";
			hasScannedForEncodings = 0;
			knownRegions = (
				Base,
				en,
				"pt-BR",
			);
			mainGroup = 7FBB9F462FD7C9F200DF7C52;
			minimizedProjectReferenceProxies = 1;
			preferredProjectObjectVersion = 77;
			productRefGroup = 7FBB9F502FD7C9F200DF7C52 /* Products */;
			projectDirPath = "";
			projectRoot = "";
			targets = (
				7FBB9F4E2FD7C9F200DF7C52 /* Lume */,
				7FBB9F5D2FD7C9F200DF7C52 /* LumeTests */,
				7FBB9F672FD7C9F200DF7C52 /* LumeUITests */,
			);
		};
/* End PBXProject section */

/* Begin PBXResourcesBuildPhase section */
		7FBB9F4D2FD7C9F200DF7C52 /* Resources */ = {
			isa = PBXResourcesBuildPhase;
			buildActionMask = 2147483647;
			files = (
				7F2827D02FD9A4340055FF08 /* Localizable.xcstrings in Resources */,
			);
			runOnlyForDeploymentPostprocessing = 0;
		};
		7FBB9F5C2FD7C9F200DF7C52 /* Resources */ = {
			isa = PBXResourcesBuildPhase;
			buildActionMask = 2147483647;
			files = (
			);
			runOnlyForDeploymentPostprocessing = 0;
		};
		7FBB9F662FD7C9F200DF7C52 /* Resources */ = {
			isa = PBXResourcesBuildPhase;
			buildActionMask = 2147483647;
			files = (
			);
			runOnlyForDeploymentPostprocessing = 0;
		};
/* End PBXResourcesBuildPhase section */

/* Begin PBXSourcesBuildPhase section */
		7FBB9F4B2FD7C9F200DF7C52 /* Sources */ = {
			isa = PBXSourcesBuildPhase;
			buildActionMask = 2147483647;
			files = (
			);
			runOnlyForDeploymentPostprocessing = 0;
		};
		7FBB9F5A2FD7C9F200DF7C52 /* Sources */ = {
			isa = PBXSourcesBuildPhase;
			buildActionMask = 2147483647;
			files = (
			);
			runOnlyForDeploymentPostprocessing = 0;
		};
		7FBB9F642FD7C9F200DF7C52 /* Sources */ = {
			isa = PBXSourcesBuildPhase;
			buildActionMask = 2147483647;
			files = (
			);
			runOnlyForDeploymentPostprocessing = 0;
		};
/* End PBXSourcesBuildPhase section */

/* Begin PBXTargetDependency section */
		7FBB9F602FD7C9F200DF7C52 /* PBXTargetDependency */ = {
			isa = PBXTargetDependency;
			target = 7FBB9F4E2FD7C9F200DF7C52 /* Lume */;
			targetProxy = 7FBB9F5F2FD7C9F200DF7C52 /* PBXContainerItemProxy */;
		};
		7FBB9F6A2FD7C9F200DF7C52 /* PBXTargetDependency */ = {
			isa = PBXTargetDependency;
			target = 7FBB9F4E2FD7C9F200DF7C52 /* Lume */;
			targetProxy = 7FBB9F692FD7C9F200DF7C52 /* PBXContainerItemProxy */;
		};
/* End PBXTargetDependency section */

/* Begin XCBuildConfiguration section */
		7FBB9F702FD7C9F200DF7C52 /* Debug */ = {
			isa = XCBuildConfiguration;
			buildSettings = {
				ALWAYS_SEARCH_USER_PATHS = NO;
				ASSETCATALOG_COMPILER_GENERATE_SWIFT_ASSET_SYMBOL_EXTENSIONS = YES;
				CLANG_ANALYZER_NONNULL = YES;
				CLANG_ANALYZER_NUMBER_OBJECT_CONVERSION = YES_AGGRESSIVE;
				CLANG_CXX_LANGUAGE_STANDARD = "gnu++20";
				CLANG_ENABLE_MODULES = YES;
				CLANG_ENABLE_OBJC_ARC = YES;
				CLANG_ENABLE_OBJC_WEAK = YES;
				CLANG_WARN_BLOCK_CAPTURE_AUTORELEASING = YES;
				CLANG_WARN_BOOL_CONVERSION = YES;
				CLANG_WARN_COMMA = YES;
				CLANG_WARN_CONSTANT_CONVERSION = YES;
				CLANG_WARN_DEPRECATED_OBJC_IMPLEMENTATIONS = YES;
				CLANG_WARN_DIRECT_OBJC_ISA_USAGE = YES_ERROR;
				CLANG_WARN_DOCUMENTATION_COMMENTS = YES;
				CLANG_WARN_EMPTY_BODY = YES;
				CLANG_WARN_ENUM_CONVERSION = YES;
				CLANG_WARN_INFINITE_RECURSION = YES;
				CLANG_WARN_INT_CONVERSION = YES;
				CLANG_WARN_NON_LITERAL_NULL_CONVERSION = YES;
				CLANG_WARN_OBJC_IMPLICIT_RETAIN_SELF = YES;
				CLANG_WARN_OBJC_LITERAL_CONVERSION = YES;
				CLANG_WARN_OBJC_ROOT_CLASS = YES_ERROR;
				CLANG_WARN_QUOTED_INCLUDE_IN_FRAMEWORK_HEADER = YES;
				CLANG_WARN_RANGE_LOOP_ANALYSIS = YES;
				CLANG_WARN_STRICT_PROTOTYPES = YES;
				CLANG_WARN_SUSPICIOUS_MOVE = YES;
				CLANG_WARN_UNGUARDED_AVAILABILITY = YES_AGGRESSIVE;
				CLANG_WARN_UNREACHABLE_CODE = YES;
				CLANG_WARN__DUPLICATE_METHOD_MATCH = YES;
				COPY_PHASE_STRIP = NO;
				DEBUG_INFORMATION_FORMAT = dwarf;
				ENABLE_STRICT_OBJC_MSGSEND = YES;
				ENABLE_TESTABILITY = YES;
				ENABLE_USER_SCRIPT_SANDBOXING = YES;
				GCC_C_LANGUAGE_STANDARD = gnu17;
				GCC_DYNAMIC_NO_PIC = NO;
				GCC_NO_COMMON_BLOCKS = YES;
				GCC_OPTIMIZATION_LEVEL = 0;
				GCC_PREPROCESSOR_DEFINITIONS = (
					"DEBUG=1",
					"$(inherited)",
				);
				GCC_WARN_64_TO_32_BIT_CONVERSION = YES;
				GCC_WARN_ABOUT_RETURN_TYPE = YES_ERROR;
				GCC_WARN_UNDECLARED_SELECTOR = YES;
				GCC_WARN_UNINITIALIZED_AUTOS = YES_AGGRESSIVE;
				GCC_WARN_UNUSED_FUNCTION = YES;
				GCC_WARN_UNUSED_VARIABLE = YES;
				LOCALIZATION_PREFERS_STRING_CATALOGS = YES;
				MACOSX_DEPLOYMENT_TARGET = 26.5;
				MTL_ENABLE_DEBUG_INFO = INCLUDE_SOURCE;
				MTL_FAST_MATH = YES;
				ONLY_ACTIVE_ARCH = YES;
				SDKROOT = macosx;
				SWIFT_ACTIVE_COMPILATION_CONDITIONS = "DEBUG $(inherited)";
				SWIFT_EMIT_LOC_STRINGS = YES;
				SWIFT_OPTIMIZATION_LEVEL = "-Onone";
			};
			name = Debug;
		};
		7FBB9F712FD7C9F200DF7C52 /* Release */ = {
			isa = XCBuildConfiguration;
			buildSettings = {
				ALWAYS_SEARCH_USER_PATHS = NO;
				ASSETCATALOG_COMPILER_GENERATE_SWIFT_ASSET_SYMBOL_EXTENSIONS = YES;
				CLANG_ANALYZER_NONNULL = YES;
				CLANG_ANALYZER_NUMBER_OBJECT_CONVERSION = YES_AGGRESSIVE;
				CLANG_CXX_LANGUAGE_STANDARD = "gnu++20";
				CLANG_ENABLE_MODULES = YES;
				CLANG_ENABLE_OBJC_ARC = YES;
				CLANG_ENABLE_OBJC_WEAK = YES;
				CLANG_WARN_BLOCK_CAPTURE_AUTORELEASING = YES;
				CLANG_WARN_BOOL_CONVERSION = YES;
				CLANG_WARN_COMMA = YES;
				CLANG_WARN_CONSTANT_CONVERSION = YES;
				CLANG_WARN_DEPRECATED_OBJC_IMPLEMENTATIONS = YES;
				CLANG_WARN_DIRECT_OBJC_ISA_USAGE = YES_ERROR;
				CLANG_WARN_DOCUMENTATION_COMMENTS = YES;
				CLANG_WARN_EMPTY_BODY = YES;
				CLANG_WARN_ENUM_CONVERSION = YES;
				CLANG_WARN_INFINITE_RECURSION = YES;
				CLANG_WARN_INT_CONVERSION = YES;
				CLANG_WARN_NON_LITERAL_NULL_CONVERSION = YES;
				CLANG_WARN_OBJC_IMPLICIT_RETAIN_SELF = YES;
				CLANG_WARN_OBJC_LITERAL_CONVERSION = YES;
				CLANG_WARN_OBJC_ROOT_CLASS = YES_ERROR;
				CLANG_WARN_QUOTED_INCLUDE_IN_FRAMEWORK_HEADER = YES;
				CLANG_WARN_RANGE_LOOP_ANALYSIS = YES;
				CLANG_WARN_STRICT_PROTOTYPES = YES;
				CLANG_WARN_SUSPICIOUS_MOVE = YES;
				CLANG_WARN_UNGUARDED_AVAILABILITY = YES_AGGRESSIVE;
				CLANG_WARN_UNREACHABLE_CODE = YES;
				CLANG_WARN__DUPLICATE_METHOD_MATCH = YES;
				COPY_PHASE_STRIP = NO;
				DEBUG_INFORMATION_FORMAT = "dwarf-with-dsym";
				ENABLE_NS_ASSERTIONS = NO;
				ENABLE_STRICT_OBJC_MSGSEND = YES;
				ENABLE_USER_SCRIPT_SANDBOXING = YES;
				GCC_C_LANGUAGE_STANDARD = gnu17;
				GCC_NO_COMMON_BLOCKS = YES;
				GCC_WARN_64_TO_32_BIT_CONVERSION = YES;
				GCC_WARN_ABOUT_RETURN_TYPE = YES_ERROR;
				GCC_WARN_UNDECLARED_SELECTOR = YES;
				GCC_WARN_UNINITIALIZED_AUTOS = YES_AGGRESSIVE;
				GCC_WARN_UNUSED_FUNCTION = YES;
				GCC_WARN_UNUSED_VARIABLE = YES;
				LOCALIZATION_PREFERS_STRING_CATALOGS = YES;
				MACOSX_DEPLOYMENT_TARGET = 26.5;
				MTL_ENABLE_DEBUG_INFO = NO;
				MTL_FAST_MATH = YES;
				SDKROOT = macosx;
				SWIFT_COMPILATION_MODE = wholemodule;
				SWIFT_EMIT_LOC_STRINGS = YES;
			};
			name = Release;
		};
		7FBB9F732FD7C9F200DF7C52 /* Debug */ = {
			isa = XCBuildConfiguration;
			buildSettings = {
				ASSETCATALOG_COMPILER_APPICON_NAME = AppIcon;
				ASSETCATALOG_COMPILER_GLOBAL_ACCENT_COLOR_NAME = AccentColor;
				CODE_SIGN_ENTITLEMENTS = Lume/Lume.entitlements;
				"CODE_SIGN_IDENTITY[sdk=macosx*]" = "Apple Development";
				CODE_SIGN_STYLE = Automatic;
				COMBINE_HIDPI_IMAGES = YES;
				CURRENT_PROJECT_VERSION = 3;
				DEVELOPMENT_TEAM = U2Z8X2392L;
				ENABLE_APP_SANDBOX = NO;
				ENABLE_PREVIEWS = YES;
				GENERATE_INFOPLIST_FILE = YES;
				INFOPLIST_KEY_NSHumanReadableCopyright = "";
				LD_RUNPATH_SEARCH_PATHS = (
					"$(inherited)",
					"@executable_path/../Frameworks",
				);
				MARKETING_VERSION = 1.1.0;
				PRODUCT_BUNDLE_IDENTIFIER = bacaro.Lume;
				PRODUCT_NAME = "$(TARGET_NAME)";
				REGISTER_APP_GROUPS = YES;
				STRING_CATALOG_GENERATE_SYMBOLS = YES;
				SWIFT_APPROACHABLE_CONCURRENCY = YES;
				SWIFT_DEFAULT_ACTOR_ISOLATION = MainActor;
				SWIFT_EMIT_LOC_STRINGS = YES;
				SWIFT_STRICT_CONCURRENCY = minimal;
				SWIFT_UPCOMING_FEATURE_MEMBER_IMPORT_VISIBILITY = YES;
				SWIFT_VERSION = 5.0;
			};
			name = Debug;
		};
		7FBB9F742FD7C9F200DF7C52 /* Release */ = {
			isa = XCBuildConfiguration;
			buildSettings = {
				ASSETCATALOG_COMPILER_APPICON_NAME = AppIcon;
				ASSETCATALOG_COMPILER_GLOBAL_ACCENT_COLOR_NAME = AccentColor;
				CODE_SIGN_ENTITLEMENTS = Lume/Lume.entitlements;
				"CODE_SIGN_IDENTITY[sdk=macosx*]" = "Apple Development";
				CODE_SIGN_STYLE = Automatic;
				COMBINE_HIDPI_IMAGES = YES;
				CURRENT_PROJECT_VERSION = 3;
				DEVELOPMENT_TEAM = U2Z8X2392L;
				ENABLE_APP_SANDBOX = NO;
				ENABLE_PREVIEWS = YES;
				GENERATE_INFOPLIST_FILE = YES;
				INFOPLIST_KEY_NSHumanReadableCopyright = "";
				LD_RUNPATH_SEARCH_PATHS = (
					"$(inherited)",
					"@executable_path/../Frameworks",
				);
				MARKETING_VERSION = 1.1.0;
				PRODUCT_BUNDLE_IDENTIFIER = bacaro.Lume;
				PRODUCT_NAME = "$(TARGET_NAME)";
				REGISTER_APP_GROUPS = YES;
				STRING_CATALOG_GENERATE_SYMBOLS = YES;
				SWIFT_APPROACHABLE_CONCURRENCY = YES;
				SWIFT_DEFAULT_ACTOR_ISOLATION = MainActor;
				SWIFT_EMIT_LOC_STRINGS = YES;
				SWIFT_STRICT_CONCURRENCY = minimal;
				SWIFT_UPCOMING_FEATURE_MEMBER_IMPORT_VISIBILITY = YES;
				SWIFT_VERSION = 5.0;
			};
			name = Release;
		};
		7FBB9F762FD7C9F200DF7C52 /* Debug */ = {
			isa = XCBuildConfiguration;
			buildSettings = {
				BUNDLE_LOADER = "$(TEST_HOST)";
				CODE_SIGN_STYLE = Automatic;
				CURRENT_PROJECT_VERSION = 3;
				GENERATE_INFOPLIST_FILE = YES;
				MACOSX_DEPLOYMENT_TARGET = 26.5;
				MARKETING_VERSION = 1.1.0;
				PRODUCT_BUNDLE_IDENTIFIER = bacaro.LumeTests;
				PRODUCT_NAME = "$(TARGET_NAME)";
				STRING_CATALOG_GENERATE_SYMBOLS = NO;
				SWIFT_APPROACHABLE_CONCURRENCY = YES;
				SWIFT_EMIT_LOC_STRINGS = NO;
				SWIFT_STRICT_CONCURRENCY = minimal;
				SWIFT_UPCOMING_FEATURE_MEMBER_IMPORT_VISIBILITY = YES;
				SWIFT_VERSION = 5.0;
				TEST_HOST = "$(BUILT_PRODUCTS_DIR)/Lume.app/$(BUNDLE_EXECUTABLE_FOLDER_PATH)/Lume";
			};
			name = Debug;
		};
		7FBB9F772FD7C9F200DF7C52 /* Release */ = {
			isa = XCBuildConfiguration;
			buildSettings = {
				BUNDLE_LOADER = "$(TEST_HOST)";
				CODE_SIGN_STYLE = Automatic;
				CURRENT_PROJECT_VERSION = 3;
				GENERATE_INFOPLIST_FILE = YES;
				MACOSX_DEPLOYMENT_TARGET = 26.5;
				MARKETING_VERSION = 1.1.0;
				PRODUCT_BUNDLE_IDENTIFIER = bacaro.LumeTests;
				PRODUCT_NAME = "$(TARGET_NAME)";
				STRING_CATALOG_GENERATE_SYMBOLS = NO;
				SWIFT_APPROACHABLE_CONCURRENCY = YES;
				SWIFT_EMIT_LOC_STRINGS = NO;
				SWIFT_STRICT_CONCURRENCY = minimal;
				SWIFT_UPCOMING_FEATURE_MEMBER_IMPORT_VISIBILITY = YES;
				SWIFT_VERSION = 5.0;
				TEST_HOST = "$(BUILT_PRODUCTS_DIR)/Lume.app/$(BUNDLE_EXECUTABLE_FOLDER_PATH)/Lume";
			};
			name = Release;
		};
		7FBB9F792FD7C9F200DF7C52 /* Debug */ = {
			isa = XCBuildConfiguration;
			buildSettings = {
				CODE_SIGN_STYLE = Automatic;
				CURRENT_PROJECT_VERSION = 3;
				GENERATE_INFOPLIST_FILE = YES;
				MARKETING_VERSION = 1.1.0;
				PRODUCT_BUNDLE_IDENTIFIER = bacaro.LumeUITests;
				PRODUCT_NAME = "$(TARGET_NAME)";
				STRING_CATALOG_GENERATE_SYMBOLS = NO;
				SWIFT_APPROACHABLE_CONCURRENCY = YES;
				SWIFT_EMIT_LOC_STRINGS = NO;
				SWIFT_STRICT_CONCURRENCY = minimal;
				SWIFT_UPCOMING_FEATURE_MEMBER_IMPORT_VISIBILITY = YES;
				SWIFT_VERSION = 5.0;
				TEST_TARGET_NAME = Lume;
			};
			name = Debug;
		};
		7FBB9F7A2FD7C9F200DF7C52 /* Release */ = {
			isa = XCBuildConfiguration;
			buildSettings = {
				CODE_SIGN_STYLE = Automatic;
				CURRENT_PROJECT_VERSION = 3;
				GENERATE_INFOPLIST_FILE = YES;
				MARKETING_VERSION = 1.1.0;
				PRODUCT_BUNDLE_IDENTIFIER = bacaro.LumeUITests;
				PRODUCT_NAME = "$(TARGET_NAME)";
				STRING_CATALOG_GENERATE_SYMBOLS = NO;
				SWIFT_APPROACHABLE_CONCURRENCY = YES;
				SWIFT_EMIT_LOC_STRINGS = NO;
				SWIFT_STRICT_CONCURRENCY = minimal;
				SWIFT_UPCOMING_FEATURE_MEMBER_IMPORT_VISIBILITY = YES;
				SWIFT_VERSION = 5.0;
				TEST_TARGET_NAME = Lume;
			};
			name = Release;
		};
/* End XCBuildConfiguration section */

/* Begin XCConfigurationList section */
		7FBB9F4A2FD7C9F200DF7C52 /* Build configuration list for PBXProject "Lume" */ = {
			isa = XCConfigurationList;
			buildConfigurations = (
				7FBB9F702FD7C9F200DF7C52 /* Debug */,
				7FBB9F712FD7C9F200DF7C52 /* Release */,
			);
			defaultConfigurationIsVisible = 0;
			defaultConfigurationName = Release;
		};
		7FBB9F722FD7C9F200DF7C52 /* Build configuration list for PBXNativeTarget "Lume" */ = {
			isa = XCConfigurationList;
			buildConfigurations = (
				7FBB9F732FD7C9F200DF7C52 /* Debug */,
				7FBB9F742FD7C9F200DF7C52 /* Release */,
			);
			defaultConfigurationIsVisible = 0;
			defaultConfigurationName = Release;
		};
		7FBB9F752FD7C9F200DF7C52 /* Build configuration list for PBXNativeTarget "LumeTests" */ = {
			isa = XCConfigurationList;
			buildConfigurations = (
				7FBB9F762FD7C9F200DF7C52 /* Debug */,
				7FBB9F772FD7C9F200DF7C52 /* Release */,
			);
			defaultConfigurationIsVisible = 0;
			defaultConfigurationName = Release;
		};
		7FBB9F782FD7C9F200DF7C52 /* Build configuration list for PBXNativeTarget "LumeUITests" */ = {
			isa = XCConfigurationList;
			buildConfigurations = (
				7FBB9F792FD7C9F200DF7C52 /* Debug */,
				7FBB9F7A2FD7C9F200DF7C52 /* Release */,
			);
			defaultConfigurationIsVisible = 0;
			defaultConfigurationName = Release;
		};
/* End XCConfigurationList section */
	};
	rootObject = 7FBB9F472FD7C9F200DF7C52 /* Project object */;
}
